
Microsoft Visual Studio Solution File, Format Version 12.00
# Visual Studio Version 17
VisualStudioVersion = 17.5.002.0
MinimumVisualStudioVersion = 10.0.40219.1
Project("{9A19103F-16F7-4668-BE54-9A1E7A4F7556}") = "ProjetoTDD", "ProjetoTDD.csproj", "{16C70F35-2EC9-4C85-84FA-2C256A3FF519}"
EndProject
Project("{FAE04EC0-301F-11D3-BF4B-00C04F79EFBC}") = "TesteNewTalent", "TesteNewTalent\TesteNewTalent.csproj", "{1244F686-4F24-466F-A58A-493ACB1FF675}"
EndProject
Project("{FAE04EC0-301F-11D3-BF4B-00C04F79EFBC}") = "ProjetoTDD", "NewTalent\ProjetoTDD.csproj", "{7897C46D-B52E-4DCB-B56D-7F214578DC3A}"
EndProject
Global
	GlobalSection(SolutionConfigurationPlatforms) = preSolution
		Debug|Any CPU = Debug|Any CPU
		Release|Any CPU = Release|Any CPU
	EndGlobalSection
	GlobalSection(ProjectConfigurationPlatforms) = postSolution
		{16C70F35-2EC9-4C85-84FA-2C256A3FF519}.Debug|Any CPU.ActiveCfg = Debug|Any CPU
		{16C70F35-2EC9-4C85-84FA-2C256A3FF519}.Debug|Any CPU.Build.0 = Debug|Any CPU
		{16C70F35-2EC9-4C85-84FA-2C256A3FF519}.Release|Any CPU.ActiveCfg = Release|Any CPU
		{16C70F35-2EC9-4C85-84FA-2C256A3FF519}.Release|Any CPU.Build.0 = Release|Any CPU
		{1244F686-4F24-466F-A58A-493ACB1FF675}.Debug|Any CPU.ActiveCfg = Debug|Any CPU
		{1244F686-4F24-466F-A58A-493ACB1FF675}.Debug|Any CPU.Build.0 = Debug|Any CPU
		{1244F686-4F24-466F-A58A-493ACB1FF675}.Release|Any CPU.ActiveCfg = Release|Any CPU
		{1244F686-4F24-466F-A58A-493ACB1FF675}.Release|Any CPU.Build.0 = Release|Any CPU
		{7897C46D-B52E-4DCB-B56D-7F214578DC3A}.Debug|Any CPU.ActiveCfg = Debug|Any CPU
		{7897C46D-B52E-4DCB-B56D-7F214578DC3A}.Debug|Any CPU.Build.0 = Debug|Any CPU
		{7897C46D-B52E-4DCB-B56D-7F214578DC3A}.Release|Any CPU.ActiveCfg = Release|Any CPU
		{7897C46D-B52E-4DCB-B56D-7F214578DC3A}.Release|Any CPU.Build.0 = Release|Any CPU
	EndGlobalSection
	GlobalSection(SolutionProperties) = preSolution
		HideSolutionNode = FALSE
	EndGlobalSection
	GlobalSection(ExtensibilityGlobals) = postSolution
		SolutionGuid = {B8F6D0C1-E834-4657-8C56-D0DDE9B2BA5C}
	EndGlobalSection
EndGlobal
